{
  "name": "skill-contract-lab",
  "version": "0.1.0",
  "lockfileVersion": 3,
  "requires": true,
  "packages": {
    "": {
      "name": "skill-contract-lab",
      "version": "0.1.0",
      "license": "MIT",
      "bin": {
        "skill-contract": "bin/skill-contract.js"
      },
      "engines": {
        "node": ">=20"
      }
    }
  }
}
